
Microsoft Visual Studio Solution File, Format Version 12.00
# Visual Studio Version 17
VisualStudioVersion = 17.0.32112.339
MinimumVisualStudioVersion = 10.0.40219.1
Project("{FAE04EC0-301F-11D3-BF4B-00C04F79EFBC}") = "Ex4", "Ex4.csproj", "{467AEB63-1A95-49D1-8162-48DE293673D3}"
EndProject
Global
	GlobalSection(SolutionConfigurationPlatforms) = preSolution
		Debug|Any CPU = Debug|Any CPU
		Release|Any CPU = Release|Any CPU
	EndGlobalSection
	GlobalSection(ProjectConfigurationPlatforms) = postSolution
		{467AEB63-1A95-49D1-8162-48DE293673D3}.Debug|Any CPU.ActiveCfg = Debug|Any CPU
		{467AEB63-1A95-49D1-8162-48DE293673D3}.Debug|Any CPU.Build.0 = Debug|Any CPU
		{467AEB63-1A95-49D1-8162-48DE293673D3}.Release|Any CPU.ActiveCfg = Release|Any CPU
		{467AEB63-1A95-49D1-8162-48DE293673D3}.Release|Any CPU.Build.0 = Release|Any CPU
	EndGlobalSection
	GlobalSection(SolutionProperties) = preSolution
		HideSolutionNode = FALSE
	EndGlobalSection
	GlobalSection(ExtensibilityGlobals) = postSolution
		SolutionGuid = {F9CD3A4B-4E9B-4A34-9C1D-C0B760C0839E}
	EndGlobalSection
EndGlobal
